{
  "version": "2",
  "remote": {
    "https://deno.land/std@0.165.0/_util/asserts.ts": "d0844e9b62510f89ce1f9878b046f6a57bf88f208a10304aab50efcb48365272",
    "https://deno.land/std@0.165.0/bytes/bytes_list.ts": "aba5e2369e77d426b10af1de0dcc4531acecec27f9b9056f4f7bfbf8ac147ab4",
    "https://deno.land/std@0.165.0/bytes/equals.ts": "3c3558c3ae85526f84510aa2b48ab2ad7bdd899e2e0f5b7a8ffc85acb3a6043a",
    "https://deno.land/std@0.165.0/bytes/mod.ts": "b2e342fd3669176a27a4e15061e9d588b89c1aaf5008ab71766e23669565d179",
    "https://deno.land/std@0.165.0/crypto/_fnv/fnv32.ts": "aa9bddead8c6345087d3abd4ef35fb9655622afc333fc41fff382b36e64280b5",
    "https://deno.land/std@0.165.0/crypto/_fnv/fnv64.ts": "625d7e7505b6cb2e9801b5fd6ed0a89256bac12b2bbb3e4664b85a88b0ec5bef",
    "https://deno.land/std@0.165.0/crypto/_fnv/index.ts": "a8f6a361b4c6d54e5e89c16098f99b6962a1dd6ad1307dbc97fa1ecac5d7060a",
    "https://deno.land/std@0.165.0/crypto/_fnv/util.ts": "4848313bed7f00f55be3cb080aa0583fc007812ba965b03e4009665bde614ce3",
    "https://deno.land/std@0.165.0/crypto/_wasm/lib/deno_std_wasm_crypto.generated.mjs": "71c1ac20f32fdbdc9b31a14917779c7fa392dbc8b050059cbb2c35b400b975b1",
    "https://deno.land/std@0.165.0/crypto/_wasm/mod.ts": "b49ec171049bbbaaed3c5a5a71dfcb3d09f880607c8d9c517638d0443bd0f874",
    "https://deno.land/std@0.165.0/crypto/keystack.ts": "e481eed28007395e554a435e880fee83a5c73b9259ed8a135a75e4b1e4f381f7",
    "https://deno.land/std@0.165.0/crypto/mod.ts": "ee76e7df2e3346a8233861ecb66659da37c7b7fa730b48d765f3fb80fff1819e",
    "https://deno.land/std@0.165.0/crypto/timing_safe_equal.ts": "3784958e40a5fe10429a68b75cc5f8d34356bf0bc2eb93c80c3033e2a6f17821",
    "https://deno.land/std@0.165.0/crypto/util.ts": "93fc9dbaa62421538ad60ee65337cbf1d8a0298fac3c4f70b37e5627e7e129eb",
    "https://deno.land/std@0.165.0/encoding/base64.ts": "c57868ca7fa2fbe919f57f88a623ad34e3d970d675bdc1ff3a9d02bba7409db2",
    "https://deno.land/std@0.165.0/encoding/base64url.ts": "a5f82a9fa703bd85a5eb8e7c1296bc6529e601ebd9642cc2b5eaa6b38fa9e05a",
    "https://deno.land/std@0.165.0/encoding/hex.ts": "4cc5324417cbb4ac9b828453d35aed45b9cc29506fad658f1f138d981ae33795",
    "https://deno.land/std@0.165.0/fmt/colors.ts": "9e36a716611dcd2e4865adea9c4bec916b5c60caad4cdcdc630d4974e6bb8bd4",
    "https://deno.land/std@0.165.0/io/buffer.ts": "245f1762a949082ddc0a6e9b15589d0be2d29c150266decd04320b8a8318f9f6",
    "https://deno.land/std@0.165.0/io/mod.ts": "6e781ebafd5cdccf9ab4afa1f499b08c513602d023cb08ceebc58758501f78bd",
    "https://deno.land/std@0.165.0/io/readers.ts": "45847ad404afd2f605eae1cff193f223462bc55eeb9ae313c2f3db28aada0fd6",
    "https://deno.land/std@0.165.0/io/types.d.ts": "107e1e64834c5ba917c783f446b407d33432c5d612c4b3430df64fc2b4ecf091",
    "https://deno.land/std@0.165.0/io/util.ts": "294d163962e3310bd9485d3315c183dc3d0da1e6ddf23495c682f8e17e0413a8",
    "https://deno.land/std@0.165.0/io/writers.ts": "2e1c63ffd0cfba411b1fd8374609abff9ea86187c9d4d885d42e6fc20325ef0e",
    "https://deno.land/std@0.165.0/testing/_diff.ts": "a23e7fc2b4d8daa3e158fa06856bedf5334ce2a2831e8bf9e509717f455adb2c",
    "https://deno.land/std@0.165.0/testing/_format.ts": "cd11136e1797791045e639e9f0f4640d5b4166148796cad37e6ef75f7d7f3832",
    "https://deno.land/std@0.165.0/testing/asserts.ts": "1e340c589853e82e0807629ba31a43c84ebdcdeca910c4a9705715dfdb0f5ce8",
    "https://deno.land/std@0.178.0/streams/write_all.ts": "3b2e1ce44913f966348ce353d02fa5369e94115181037cd8b602510853ec3033",
    "https://deno.land/std@0.178.0/types.d.ts": "220ed56662a0bd393ba5d124aa6ae2ad36a00d2fcbc0e8666a65f4606aaa9784"
  }
}
