{
  "version": "3",
  "packages": {
    "specifiers": {
      "jsr:@std/assert": "jsr:@std/assert@0.222.1",
      "jsr:@std/assert@^0.222.1": "jsr:@std/assert@0.222.1",
      "jsr:@std/bytes@^0.222.1": "jsr:@std/bytes@0.222.1",
      "jsr:@std/fmt@^0.222.1": "jsr:@std/fmt@0.222.1",
      "jsr:@std/io": "jsr:@std/io@0.222.1"
    },
    "jsr": {
      "@std/assert@0.222.1": {
        "integrity": "691637161ee584a9919d1f9950ddd1272feb8e0a19e83aa5b7563cedaf73d74c",
        "dependencies": [
          "jsr:@std/fmt@^0.222.1"
        ]
      },
      "@std/bytes@0.222.1": {
        "integrity": "04dbf33e889ed5f9f6a87bc6b6b882dc105fffae6d2b042f832d92d4f34771c0"
      },
      "@std/fmt@0.222.1": {
        "integrity": "ec3382f9b0261c1ab1a5c804aa355d816515fa984cdd827ed32edfb187c0a722"
      },
      "@std/io@0.222.1": {
        "integrity": "45c638370bccc0687d11e32481b276126201014516ffbe2f340700b8d81c015e",
        "dependencies": [
          "jsr:@std/assert@^0.222.1",
          "jsr:@std/bytes@^0.222.1"
        ]
      }
    }
  },
  "remote": {}
}
